<?xml version="1.0" encoding="utf-8"?>
<Project ToolsVersion="4.0" xmlns="http://schemas.microsoft.com/developer/msbuild/2003">
  <ItemGroup>
    <Filter Include="DLightFull">
      <UniqueIdentifier>{B4B810B8-A070-5205-0978-2B61F54EEDF5}</UniqueIdentifier>
    </Filter>
  </ItemGroup>
  <ItemGroup>
    <ClInclude Include="src\DLightFull.h" />
    <ClInclude Include="src\DLightFull\Application.h">
      <Filter>DLightFull</Filter>
    </ClInclude>
    <ClInclude Include="src\DLightFull\Core.h">
      <Filter>DLightFull</Filter>
    </ClInclude>
    <ClInclude Include="src\DLightFull\EntryPoint.h">
      <Filter>DLightFull</Filter>
    </ClInclude>
    <ClInclude Include="src\DLightFull\Log.h">
      <Filter>DLightFull</Filter>
    </ClInclude>
  </ItemGroup>
  <ItemGroup>
    <ClCompile Include="src\DLightFull\Application.cpp">
      <Filter>DLightFull</Filter>
    </ClCompile>
    <ClCompile Include="src\DLightFull\Log.cpp">
      <Filter>DLightFull</Filter>
    </ClCompile>
  </ItemGroup>
</Project>