
Microsoft Visual Studio Solution File, Format Version 12.00
# Visual Studio Version 17
VisualStudioVersion = 17.6.33829.357
MinimumVisualStudioVersion = 10.0.40219.1
Project("{8BC9CEB8-8B4A-11D0-8D11-00A0C91BC942}") = "Sandbox", "Sandbox\Sandbox.vcxproj", "{5D2D8AEA-AFE3-4AF3-A304-97D08C67E433}"
EndProject
Project("{8BC9CEB8-8B4A-11D0-8D11-00A0C91BC942}") = "DLightFull", "DLightFull\DLightFull.vcxproj", "{BDCA2F36-098A-4C80-BCE8-69F7CC6B4582}"
EndProject
Global
	GlobalSection(SolutionConfigurationPlatforms) = preSolution
		Debug|x64 = Debug|x64
		Release|x64 = Release|x64
	EndGlobalSection
	GlobalSection(ProjectConfigurationPlatforms) = postSolution
		{BDCA2F36-098A-4C80-BCE8-69F7CC6B4582}.Debug|x64.ActiveCfg = Debug|x64
		{BDCA2F36-098A-4C80-BCE8-69F7CC6B4582}.Debug|x64.Build.0 = Debug|x64
		{BDCA2F36-098A-4C80-BCE8-69F7CC6B4582}.Release|x64.ActiveCfg = Release|x64
		{BDCA2F36-098A-4C80-BCE8-69F7CC6B4582}.Release|x64.Build.0 = Release|x64
		{5D2D8AEA-AFE3-4AF3-A304-97D08C67E433}.Debug|x64.ActiveCfg = Debug|x64
		{5D2D8AEA-AFE3-4AF3-A304-97D08C67E433}.Debug|x64.Build.0 = Debug|x64
		{5D2D8AEA-AFE3-4AF3-A304-97D08C67E433}.Release|x64.ActiveCfg = Release|x64
		{5D2D8AEA-AFE3-4AF3-A304-97D08C67E433}.Release|x64.Build.0 = Release|x64
	EndGlobalSection
	GlobalSection(SolutionProperties) = preSolution
		HideSolutionNode = FALSE
	EndGlobalSection
	GlobalSection(ExtensibilityGlobals) = postSolution
		SolutionGuid = {D6ED6CB5-9242-4184-83F9-12D07AF326C8}
	EndGlobalSection
EndGlobal
